
Microsoft Visual Studio Solution File, Format Version 12.00
# Visual Studio Version 17
VisualStudioVersion = 17.0.31903.59
MinimumVisualStudioVersion = 10.0.40219.1
Project("{2150E333-8FDC-42A3-9474-1A3956D46DE8}") = "src", "src", "{827E0CD3-B72D-47B6-A68D-7590B98EB39B}"
EndProject
Project("{FAE04EC0-301F-11D3-BF4B-00C04F79EFBC}") = "DMS.API", "src\DMS.API\DMS.API.csproj", "{CBAE9399-3C09-4111-BE44-A2C702CF36E0}"
EndProject
Project("{FAE04EC0-301F-11D3-BF4B-00C04F79EFBC}") = "DMS.BLL", "src\DMS.BLL\DMS.BLL.csproj", "{2D95A76B-24BD-4173-ABA4-EBDA737B23F4}"
EndProject
Project("{FAE04EC0-301F-11D3-BF4B-00C04F79EFBC}") = "DMS.DAL", "src\DMS.DAL\DMS.DAL.csproj", "{C7D8B1F5-5C86-4AF0-B382-784E3CA79C6C}"
EndProject
Project("{FAE04EC0-301F-11D3-BF4B-00C04F79EFBC}") = "DMS.Domain", "src\DMS.Domain\DMS.Domain.csproj", "{833AF1C5-DCBE-4098-9C82-3B2881B5D6D0}"
EndProject
Project("{2150E333-8FDC-42A3-9474-1A3956D46DE8}") = "tests", "tests", "{0AB3BF05-4346-4AA6-1389-037BE0695223}"
EndProject
Project("{FAE04EC0-301F-11D3-BF4B-00C04F79EFBC}") = "DMS.Tests", "tests\DMS.Tests\DMS.Tests.csproj", "{64B61199-E897-4976-BCB2-2B7A84DE9EC6}"
EndProject
Project("{FAE04EC0-301F-11D3-BF4B-00C04F79EFBC}") = "DMS.BLL.Tests", "tests\DMS.BLL.Tests\DMS.BLL.Tests.csproj", "{7D499359-4FE6-472C-9910-50B175BCDD76}"
EndProject
Global
	GlobalSection(SolutionConfigurationPlatforms) = preSolution
		Debug|Any CPU = Debug|Any CPU
		Debug|x64 = Debug|x64
		Debug|x86 = Debug|x86
		Release|Any CPU = Release|Any CPU
		Release|x64 = Release|x64
		Release|x86 = Release|x86
	EndGlobalSection
	GlobalSection(ProjectConfigurationPlatforms) = postSolution
		{CBAE9399-3C09-4111-BE44-A2C702CF36E0}.Debug|Any CPU.ActiveCfg = Debug|Any CPU
		{CBAE9399-3C09-4111-BE44-A2C702CF36E0}.Debug|Any CPU.Build.0 = Debug|Any CPU
		{CBAE9399-3C09-4111-BE44-A2C702CF36E0}.Debug|x64.ActiveCfg = Debug|Any CPU
		{CBAE9399-3C09-4111-BE44-A2C702CF36E0}.Debug|x64.Build.0 = Debug|Any CPU
		{CBAE9399-3C09-4111-BE44-A2C702CF36E0}.Debug|x86.ActiveCfg = Debug|Any CPU
		{CBAE9399-3C09-4111-BE44-A2C702CF36E0}.Debug|x86.Build.0 = Debug|Any CPU
		{CBAE9399-3C09-4111-BE44-A2C702CF36E0}.Release|Any CPU.ActiveCfg = Release|Any CPU
		{CBAE9399-3C09-4111-BE44-A2C702CF36E0}.Release|Any CPU.Build.0 = Release|Any CPU
		{CBAE9399-3C09-4111-BE44-A2C702CF36E0}.Release|x64.ActiveCfg = Release|Any CPU
		{CBAE9399-3C09-4111-BE44-A2C702CF36E0}.Release|x64.Build.0 = Release|Any CPU
		{CBAE9399-3C09-4111-BE44-A2C702CF36E0}.Release|x86.ActiveCfg = Release|Any CPU
		{CBAE9399-3C09-4111-BE44-A2C702CF36E0}.Release|x86.Build.0 = Release|Any CPU
		{2D95A76B-24BD-4173-ABA4-EBDA737B23F4}.Debug|Any CPU.ActiveCfg = Debug|Any CPU
		{2D95A76B-24BD-4173-ABA4-EBDA737B23F4}.Debug|Any CPU.Build.0 = Debug|Any CPU
		{2D95A76B-24BD-4173-ABA4-EBDA737B23F4}.Debug|x64.ActiveCfg = Debug|Any CPU
		{2D95A76B-24BD-4173-ABA4-EBDA737B23F4}.Debug|x64.Build.0 = Debug|Any CPU
		{2D95A76B-24BD-4173-ABA4-EBDA737B23F4}.Debug|x86.ActiveCfg = Debug|Any CPU
		{2D95A76B-24BD-4173-ABA4-EBDA737B23F4}.Debug|x86.Build.0 = Debug|Any CPU
		{2D95A76B-24BD-4173-ABA4-EBDA737B23F4}.Release|Any CPU.ActiveCfg = Release|Any CPU
		{2D95A76B-24BD-4173-ABA4-EBDA737B23F4}.Release|Any CPU.Build.0 = Release|Any CPU
		{2D95A76B-24BD-4173-ABA4-EBDA737B23F4}.Release|x64.ActiveCfg = Release|Any CPU
		{2D95A76B-24BD-4173-ABA4-EBDA737B23F4}.Release|x64.Build.0 = Release|Any CPU
		{2D95A76B-24BD-4173-ABA4-EBDA737B23F4}.Release|x86.ActiveCfg = Release|Any CPU
		{2D95A76B-24BD-4173-ABA4-EBDA737B23F4}.Release|x86.Build.0 = Release|Any CPU
		{C7D8B1F5-5C86-4AF0-B382-784E3CA79C6C}.Debug|Any CPU.ActiveCfg = Debug|Any CPU
		{C7D8B1F5-5C86-4AF0-B382-784E3CA79C6C}.Debug|Any CPU.Build.0 = Debug|Any CPU
		{C7D8B1F5-5C86-4AF0-B382-784E3CA79C6C}.Debug|x64.ActiveCfg = Debug|Any CPU
		{C7D8B1F5-5C86-4AF0-B382-784E3CA79C6C}.Debug|x64.Build.0 = Debug|Any CPU
		{C7D8B1F5-5C86-4AF0-B382-784E3CA79C6C}.Debug|x86.ActiveCfg = Debug|Any CPU
		{C7D8B1F5-5C86-4AF0-B382-784E3CA79C6C}.Debug|x86.Build.0 = Debug|Any CPU
		{C7D8B1F5-5C86-4AF0-B382-784E3CA79C6C}.Release|Any CPU.ActiveCfg = Release|Any CPU
		{C7D8B1F5-5C86-4AF0-B382-784E3CA79C6C}.Release|Any CPU.Build.0 = Release|Any CPU
		{C7D8B1F5-5C86-4AF0-B382-784E3CA79C6C}.Release|x64.ActiveCfg = Release|Any CPU
		{C7D8B1F5-5C86-4AF0-B382-784E3CA79C6C}.Release|x64.Build.0 = Release|Any CPU
		{C7D8B1F5-5C86-4AF0-B382-784E3CA79C6C}.Release|x86.ActiveCfg = Release|Any CPU
		{C7D8B1F5-5C86-4AF0-B382-784E3CA79C6C}.Release|x86.Build.0 = Release|Any CPU
		{833AF1C5-DCBE-4098-9C82-3B2881B5D6D0}.Debug|Any CPU.ActiveCfg = Debug|Any CPU
		{833AF1C5-DCBE-4098-9C82-3B2881B5D6D0}.Debug|Any CPU.Build.0 = Debug|Any CPU
		{833AF1C5-DCBE-4098-9C82-3B2881B5D6D0}.Debug|x64.ActiveCfg = Debug|Any CPU
		{833AF1C5-DCBE-4098-9C82-3B2881B5D6D0}.Debug|x64.Build.0 = Debug|Any CPU
		{833AF1C5-DCBE-4098-9C82-3B2881B5D6D0}.Debug|x86.ActiveCfg = Debug|Any CPU
		{833AF1C5-DCBE-4098-9C82-3B2881B5D6D0}.Debug|x86.Build.0 = Debug|Any CPU
		{833AF1C5-DCBE-4098-9C82-3B2881B5D6D0}.Release|Any CPU.ActiveCfg = Release|Any CPU
		{833AF1C5-DCBE-4098-9C82-3B2881B5D6D0}.Release|Any CPU.Build.0 = Release|Any CPU
		{833AF1C5-DCBE-4098-9C82-3B2881B5D6D0}.Release|x64.ActiveCfg = Release|Any CPU
		{833AF1C5-DCBE-4098-9C82-3B2881B5D6D0}.Release|x64.Build.0 = Release|Any CPU
		{833AF1C5-DCBE-4098-9C82-3B2881B5D6D0}.Release|x86.ActiveCfg = Release|Any CPU
		{833AF1C5-DCBE-4098-9C82-3B2881B5D6D0}.Release|x86.Build.0 = Release|Any CPU
		{64B61199-E897-4976-BCB2-2B7A84DE9EC6}.Debug|Any CPU.ActiveCfg = Debug|Any CPU
		{64B61199-E897-4976-BCB2-2B7A84DE9EC6}.Debug|Any CPU.Build.0 = Debug|Any CPU
		{64B61199-E897-4976-BCB2-2B7A84DE9EC6}.Debug|x64.ActiveCfg = Debug|Any CPU
		{64B61199-E897-4976-BCB2-2B7A84DE9EC6}.Debug|x64.Build.0 = Debug|Any CPU
		{64B61199-E897-4976-BCB2-2B7A84DE9EC6}.Debug|x86.ActiveCfg = Debug|Any CPU
		{64B61199-E897-4976-BCB2-2B7A84DE9EC6}.Debug|x86.Build.0 = Debug|Any CPU
		{64B61199-E897-4976-BCB2-2B7A84DE9EC6}.Release|Any CPU.ActiveCfg = Release|Any CPU
		{64B61199-E897-4976-BCB2-2B7A84DE9EC6}.Release|Any CPU.Build.0 = Release|Any CPU
		{64B61199-E897-4976-BCB2-2B7A84DE9EC6}.Release|x64.ActiveCfg = Release|Any CPU
		{64B61199-E897-4976-BCB2-2B7A84DE9EC6}.Release|x64.Build.0 = Release|Any CPU
		{64B61199-E897-4976-BCB2-2B7A84DE9EC6}.Release|x86.ActiveCfg = Release|Any CPU
		{64B61199-E897-4976-BCB2-2B7A84DE9EC6}.Release|x86.Build.0 = Release|Any CPU
		{7D499359-4FE6-472C-9910-50B175BCDD76}.Debug|Any CPU.ActiveCfg = Debug|Any CPU
		{7D499359-4FE6-472C-9910-50B175BCDD76}.Debug|Any CPU.Build.0 = Debug|Any CPU
		{7D499359-4FE6-472C-9910-50B175BCDD76}.Debug|x64.ActiveCfg = Debug|Any CPU
		{7D499359-4FE6-472C-9910-50B175BCDD76}.Debug|x64.Build.0 = Debug|Any CPU
		{7D499359-4FE6-472C-9910-50B175BCDD76}.Debug|x86.ActiveCfg = Debug|Any CPU
		{7D499359-4FE6-472C-9910-50B175BCDD76}.Debug|x86.Build.0 = Debug|Any CPU
		{7D499359-4FE6-472C-9910-50B175BCDD76}.Release|Any CPU.ActiveCfg = Release|Any CPU
		{7D499359-4FE6-472C-9910-50B175BCDD76}.Release|Any CPU.Build.0 = Release|Any CPU
		{7D499359-4FE6-472C-9910-50B175BCDD76}.Release|x64.ActiveCfg = Release|Any CPU
		{7D499359-4FE6-472C-9910-50B175BCDD76}.Release|x64.Build.0 = Release|Any CPU
		{7D499359-4FE6-472C-9910-50B175BCDD76}.Release|x86.ActiveCfg = Release|Any CPU
		{7D499359-4FE6-472C-9910-50B175BCDD76}.Release|x86.Build.0 = Release|Any CPU
	EndGlobalSection
	GlobalSection(SolutionProperties) = preSolution
		HideSolutionNode = FALSE
	EndGlobalSection
	GlobalSection(NestedProjects) = preSolution
		{CBAE9399-3C09-4111-BE44-A2C702CF36E0} = {827E0CD3-B72D-47B6-A68D-7590B98EB39B}
		{2D95A76B-24BD-4173-ABA4-EBDA737B23F4} = {827E0CD3-B72D-47B6-A68D-7590B98EB39B}
		{C7D8B1F5-5C86-4AF0-B382-784E3CA79C6C} = {827E0CD3-B72D-47B6-A68D-7590B98EB39B}
		{833AF1C5-DCBE-4098-9C82-3B2881B5D6D0} = {827E0CD3-B72D-47B6-A68D-7590B98EB39B}
		{64B61199-E897-4976-BCB2-2B7A84DE9EC6} = {0AB3BF05-4346-4AA6-1389-037BE0695223}
		{7D499359-4FE6-472C-9910-50B175BCDD76} = {0AB3BF05-4346-4AA6-1389-037BE0695223}
	EndGlobalSection
EndGlobal
